{
    "_readme": [
        "This file locks the dependencies of your project to a known state",
        "Read more about it at https://getcomposer.org/doc/01-basic-usage.md#composer-lock-the-lock-file",
        "This file is @generated automatically"
    ],
    "content-hash": "1d5bca97dd1489b72a03dae0cc4733ef",
    "packages": [
        {
            "name": "uxie/model",
            "version": "v0.1",
            "source": {
                "type": "git",
                "url": "https://github.com/Uxie-Framework/Model.git",
                "reference": "e77749f8b1309e1a00cdc16389fbc892061cd35e"
            },
            "dist": {
                "type": "zip",
                "url": "https://api.github.com/repos/Uxie-Framework/Model/zipball/e77749f8b1309e1a00cdc16389fbc892061cd35e",
                "reference": "e77749f8b1309e1a00cdc16389fbc892061cd35e",
                "shasum": ""
            },
            "require": {
                "php": ">=7.0"
            },
            "type": "library",
            "autoload": {
                "psr-4": {
                    "Model\\": "src/"
                }
            },
            "notification-url": "https://packagist.org/downloads/",
            "license": [
                "MIT"
            ],
            "authors": [
                {
                    "name": "Mohamed Amine",
                    "email": "MohamedAmine1c@gmail.com",
                    "homepage": "https://github.com/MohamedAmine1c",
                    "role": "owner"
                }
            ],
            "description": "Uxie Framework Model",
            "time": "2017-12-16T11:49:44+00:00"
        }
    ],
    "packages-dev": [],
    "aliases": [],
    "minimum-stability": "dev",
    "stability-flags": [],
    "prefer-stable": true,
    "prefer-lowest": false,
    "platform": {
        "php": ">=7.0"
    },
    "platform-dev": []
}
